dependencies:
- name: kube-state-metrics
  repository: https://prometheus-community.github.io/helm-charts
  version: 8.5.0
- name: prometheus-node-exporter
  repository: https://prometheus-community.github.io/helm-charts
  version: 4.58.0
digest: sha256:380fc9a71d1c55f557eea8a4dda6a6abebacab1a7012ce7d070f9df61352be36
generated: "2026-09-26T12:47:57.940772802Z"
