dependencies:
- name: kube-state-metrics
  repository: https://prometheus-community.github.io/helm-charts
  version: 8.6.0
- name: prometheus-node-exporter
  repository: https://prometheus-community.github.io/helm-charts
  version: 4.59.0
digest: sha256:d1c6d883f8381e74c477842389361eb4763409e05df057427745ad60750c14fa
generated: "2026-10-03T05:46:46.491093772Z"
