dependencies:
- name: kube-state-metrics
  repository: https://prometheus-community.github.io/helm-charts
  version: 8.6.0
- name: prometheus-node-exporter
  repository: https://prometheus-community.github.io/helm-charts
  version: 4.57.0
digest: sha256:b34901aeda0dd91b0f0b07622b22f48cf07b4d027cf5f13db05ad84679e3e5c5
generated: "2026-09-26T12:47:10.919400111Z"
